
Microsoft Visual Studio Solution File, Format Version 12.00
# Visual Studio Version 17
VisualStudioVersion = 17.11.35431.28
MinimumVisualStudioVersion = 10.0.40219.1
Project("{FAE04EC0-301F-11D3-BF4B-00C04F79EFBC}") = "ARPGenerator", "ARPGenerator\ARPGenerator.csproj", "{F1B8B743-6375-4193-95CE-D2AEF5334585}"
EndProject
Project("{FAE04EC0-301F-11D3-BF4B-00C04F79EFBC}") = "PADGenerator", "PADGenerator\PADGenerator.csproj", "{EA85F82E-DDBA-4F9D-9ED9-EFAAB6D5C6B0}"
EndProject
Project("{FAE04EC0-301F-11D3-BF4B-00C04F79EFBC}") = "AudioConverter", "AudioConverter\AudioConverter.csproj", "{862A01D4-E106-4233-AE70-0B0058BA656D}"
EndProject
Project("{FAE04EC0-301F-11D3-BF4B-00C04F79EFBC}") = "ImageResizer", "ImageResizer\ImageResizer.csproj", "{278F0B79-7654-4A3A-B7A9-F57F331DFB84}"
EndProject
Project("{FAE04EC0-301F-11D3-BF4B-00C04F79EFBC}") = "AudioCutter", "AudioCutter\AudioCutter.csproj", "{273ECE08-9812-4AC6-A638-3469DF9B6CA3}"
EndProject
Project("{FAE04EC0-301F-11D3-BF4B-00C04F79EFBC}") = "ProjectManager", "ProjectManager\ProjectManager.csproj", "{18135091-38BC-4E47-AB55-155E3DA70D05}"
EndProject
Project("{FAE04EC0-301F-11D3-BF4B-00C04F79EFBC}") = "MediciGet", "MediciGet\MediciGet.csproj", "{4E7D45C7-4286-4434-9F74-A5D1AB34864B}"
EndProject
Project("{FAE04EC0-301F-11D3-BF4B-00C04F79EFBC}") = "DreamDiary", "DreamDataManager\DreamDiary.csproj", "{2AD0A739-0CB7-4AEC-97B5-3F5250A8EE69}"
EndProject
Project("{8BC9CEB8-8B4A-11D0-8D11-00A0C91BC942}") = "PomedoroWorker", "PomedoroWorker\PomedoroWorker.vcxproj", "{C74C64ED-03C1-413B-B14F-81447D409B61}"
EndProject
Project("{FAE04EC0-301F-11D3-BF4B-00C04F79EFBC}") = "PsyShoutLauncher", "PsyShoutLauncher\PsyShoutLauncher.csproj", "{9CBF9C3A-17C2-4E65-BBEF-3761FA1040F0}"
EndProject
Project("{FAE04EC0-301F-11D3-BF4B-00C04F79EFBC}") = "IChing", "IChing\IChing.csproj", "{5D4C7E12-26F0-4EA7-B2F3-2BFA10ACAB1D}"
EndProject
Project("{8BC9CEB8-8B4A-11D0-8D11-00A0C91BC942}") = "BrainWaveGenerator", "BrainWaveGenerator\BrainWaveGenerator.vcxproj", "{3CDA6070-B6D6-4324-B121-01DEB3D69C2F}"
EndProject
Project("{8BC9CEB8-8B4A-11D0-8D11-00A0C91BC942}") = "AmAwake", "AmAwake\Amawake.vcxproj", "{1AE1329A-7414-4B37-96DF-63189B556492}"
EndProject
Project("{8BC9CEB8-8B4A-11D0-8D11-00A0C91BC942}") = "PlayOnMe", "PlayOnMe\PlayOnMe.vcxproj", "{86AC5FED-C959-441D-AAFC-C3D3A71482FC}"
EndProject
Project("{8BC9CEB8-8B4A-11D0-8D11-00A0C91BC942}") = "Archiver", "Archiver\Archiver.vcxproj", "{044C5E20-5102-4B2E-9095-FBFF948DF64D}"
EndProject
Project("{FAE04EC0-301F-11D3-BF4B-00C04F79EFBC}") = "ScaleSelector", "ScaleSelector\ScaleSelector.csproj", "{9C2A1510-110A-495E-9C2C-F13E624DD3CB}"
EndProject
Project("{FAE04EC0-301F-11D3-BF4B-00C04F79EFBC}") = "MailClient", "MailClient\MailClient.csproj", "{F04DF606-2F68-4A60-BBF8-F86DEE931CC1}"
EndProject
Project("{FAE04EC0-301F-11D3-BF4B-00C04F79EFBC}") = "TasksReminder", "TaskCalendar\TasksReminder.csproj", "{EAC81B8D-FD78-41C8-A823-AE40B069E716}"
EndProject
Project("{FAE04EC0-301F-11D3-BF4B-00C04F79EFBC}") = "NoteTray", "NoteTray\NoteTray.csproj", "{708842E3-E402-4BDE-A799-E5E2C988C384}"
EndProject
Project("{2150E333-8FDC-42A3-9474-1A3956D46DE8}") = "Элементы решения", "Элементы решения", "{754FC069-D67B-A9D7-50A1-8D1CA196D8F1}"
	ProjectSection(SolutionItems) = preProject
		.gitignore = .gitignore
		temp.txt = temp.txt
	EndProjectSection
EndProject
Project("{FAE04EC0-301F-11D3-BF4B-00C04F79EFBC}") = "BASSGenerator", "BASSGenerator\BASSGenerator.csproj", "{F1DC77A3-5360-4CC4-94F4-CCBB03A6F17A}"
EndProject
Project("{FAE04EC0-301F-11D3-BF4B-00C04F79EFBC}") = "BpmKeyDetector", "BpmKeyDetector\BpmKeyDetector.csproj", "{208AB04C-7904-4ADD-8534-7512182E942A}"
EndProject
Project("{FAE04EC0-301F-11D3-BF4B-00C04F79EFBC}") = "LicensedApplication", "LicensedApplication\LicensedApplication\LicensedApplication.csproj", "{6127A773-7C51-49D6-9DFA-AC081829A65B}"
EndProject
Project("{FAE04EC0-301F-11D3-BF4B-00C04F79EFBC}") = "LicenseKeygen", "LicensedApplication\LicenseKeygen\LicenseKeygen.csproj", "{5A36D1E2-B810-4335-900E-8145173FF649}"
EndProject
Project("{FAE04EC0-301F-11D3-BF4B-00C04F79EFBC}") = "BackupManager", "BackupManager\BackupManager.csproj", "{4483DC9B-24E3-4893-A2A1-DEAA787EFC57}"
EndProject
Project("{FAE04EC0-301F-11D3-BF4B-00C04F79EFBC}") = "WavTagEditor", "WavTagEditor\WavTagEditor.csproj", "{349BC5CF-F803-4DD8-922E-558D41101B40}"
EndProject
Project("{FAE04EC0-301F-11D3-BF4B-00C04F79EFBC}") = "ScaleHelperVST", "ScaleHelperVST\ScaleHelperVST.csproj", "{9EF0FD67-33D7-4643-BEA7-AD1C81588D8E}"
EndProject
Project("{FAE04EC0-301F-11D3-BF4B-00C04F79EFBC}") = "OUIConverter", "OUIConverter\OUIConverter.csproj", "{35F1407F-7948-4EED-AF55-8356AF7D955D}"
EndProject
Project("{FAE04EC0-301F-11D3-BF4B-00C04F79EFBC}") = "LicenseCleanup", "LicensedApplication\LicenseCleanup\LicenseCleanup.csproj", "{E8D6F8B0-8A9C-4D2E-9F3A-5C7B8E1D4F6A}"
EndProject
Project("{FAE04EC0-301F-11D3-BF4B-00C04F79EFBC}") = "TrycryperLinuxServer", "TrycryperMessenger\TrycryperServerLinux\TrycryperLinuxServer.csproj", "{CC1390DB-1CAC-625E-6DA5-3D75BF8DE2D3}"
EndProject
Project("{FAE04EC0-301F-11D3-BF4B-00C04F79EFBC}") = "TrycryperClient", "TrycryperMessenger\TrycryperClient\TrycryperClient.csproj", "{D88ECB1F-D65D-42F3-8D67-BCCCA9030986}"
EndProject
Project("{FAE04EC0-301F-11D3-BF4B-00C04F79EFBC}") = "TrycryperServer", "TrycryperMessenger\TrycryperServer\TrycryperServer\TrycryperServer.csproj", "{F3E602B0-6635-4276-99DA-FC4DE942AE01}"
EndProject
Project("{FAE04EC0-301F-11D3-BF4B-00C04F79EFBC}") = "ThunderPriceCalculator", "ThunderPriceCalculator\ThunderPriceCalculator.csproj", "{A8B9E9F3-2B4A-4C1D-B8D5-8F7D7A9E7B0E}"
EndProject
Project("{FAE04EC0-301F-11D3-BF4B-00C04F79EFBC}") = "NetMonitor", "NetworkMonitor\NetMonitor\NetMonitor.csproj", "{CAD8EDF3-26D4-47F1-BACC-BF258748EB6A}"
EndProject
Project("{FAE04EC0-301F-11D3-BF4B-00C04F79EFBC}") = "TaskReminderApp", "TaskReminderNConverter\TaskReminderApp.csproj", "{49F4EF01-51B3-3DE8-8383-0C69E24F2065}"
EndProject
Project("{FAE04EC0-301F-11D3-BF4B-00C04F79EFBC}") = "TaskManWPF", "TaskManWPF\TaskManWPF.csproj", "{FFD9D338-5847-BF5D-D7EF-AEBBCE1E16A7}"
EndProject
Project("{FAE04EC0-301F-11D3-BF4B-00C04F79EFBC}") = "PsyTrancePlayer", "PsyTrancePlayer\PsyTrancePlayer.csproj", "{DCFB3FE9-57CF-5630-DEAC-CA5843F09DD1}"
EndProject
Project("{FAE04EC0-301F-11D3-BF4B-00C04F79EFBC}") = "ProtectionPacker", "ProtectionPacker\ProtectionPacker.csproj", "{8A2F1E8C-9B5D-4C3A-A8F7-2E6D4B9C1A3F}"
EndProject
Project("{FAE04EC0-301F-11D3-BF4B-00C04F79EFBC}") = "ARPGeneratorVST", "ARPGeneratorVST\ARPGeneratorVST.csproj", "{A8B3C9E1-22F4-4D67-9A8B-F4C5D6E7A8B9}"
EndProject
Project("{FAE04EC0-301F-11D3-BF4B-00C04F79EFBC}") = "BASSGeneratorVST", "BASSGeneratorVST\BASSGeneratorVST.csproj", "{D1E2F3A4-B5C6-7D8E-9F0A-1B2C3D4E5F6A}"
EndProject
Project("{FAE04EC0-301F-11D3-BF4B-00C04F79EFBC}") = "SpirePresetsGenerator", "CustomPresetsGenerator\SpirePresetsGenerator.csproj", "{6F3D2C0C-6F3D-4C2C-AEAF-3C6B7E2DC9A1}"
EndProject
Project("{FAE04EC0-301F-11D3-BF4B-00C04F79EFBC}") = "PADGeneratorVST", "PADGeneratorVST\PADGeneratorVST.csproj", "{B9C4D8F2-33E5-4E78-BA9C-F5D6E7F8C9D0}"
EndProject
Project("{FAE04EC0-301F-11D3-BF4B-00C04F79EFBC}") = "WavetableGenerator", "WavetableGenerator\WavetableGenerator.csproj", "{3091309B-223F-5A75-822D-A68931B8A849}"
EndProject
Global
	GlobalSection(SolutionConfigurationPlatforms) = preSolution
		Debug|Any CPU = Debug|Any CPU
		Debug|x64 = Debug|x64
		Debug|x86 = Debug|x86
		Release|Any CPU = Release|Any CPU
		Release|x64 = Release|x64
		Release|x86 = Release|x86
	EndGlobalSection
	GlobalSection(ProjectConfigurationPlatforms) = postSolution
		{F1B8B743-6375-4193-95CE-D2AEF5334585}.Debug|Any CPU.ActiveCfg = Debug|Any CPU
		{F1B8B743-6375-4193-95CE-D2AEF5334585}.Debug|Any CPU.Build.0 = Debug|Any CPU
		{F1B8B743-6375-4193-95CE-D2AEF5334585}.Debug|x64.ActiveCfg = Debug|Any CPU
		{F1B8B743-6375-4193-95CE-D2AEF5334585}.Debug|x64.Build.0 = Debug|Any CPU
		{F1B8B743-6375-4193-95CE-D2AEF5334585}.Debug|x86.ActiveCfg = Debug|Any CPU
		{F1B8B743-6375-4193-95CE-D2AEF5334585}.Debug|x86.Build.0 = Debug|Any CPU
		{F1B8B743-6375-4193-95CE-D2AEF5334585}.Release|Any CPU.ActiveCfg = Release|Any CPU
		{F1B8B743-6375-4193-95CE-D2AEF5334585}.Release|Any CPU.Build.0 = Release|Any CPU
		{F1B8B743-6375-4193-95CE-D2AEF5334585}.Release|x64.ActiveCfg = Release|Any CPU
		{F1B8B743-6375-4193-95CE-D2AEF5334585}.Release|x64.Build.0 = Release|Any CPU
		{F1B8B743-6375-4193-95CE-D2AEF5334585}.Release|x86.ActiveCfg = Release|Any CPU
		{F1B8B743-6375-4193-95CE-D2AEF5334585}.Release|x86.Build.0 = Release|Any CPU
		{EA85F82E-DDBA-4F9D-9ED9-EFAAB6D5C6B0}.Debug|Any CPU.ActiveCfg = Debug|Any CPU
		{EA85F82E-DDBA-4F9D-9ED9-EFAAB6D5C6B0}.Debug|Any CPU.Build.0 = Debug|Any CPU
		{EA85F82E-DDBA-4F9D-9ED9-EFAAB6D5C6B0}.Debug|x64.ActiveCfg = Debug|Any CPU
		{EA85F82E-DDBA-4F9D-9ED9-EFAAB6D5C6B0}.Debug|x64.Build.0 = Debug|Any CPU
		{EA85F82E-DDBA-4F9D-9ED9-EFAAB6D5C6B0}.Debug|x86.ActiveCfg = Debug|Any CPU
		{EA85F82E-DDBA-4F9D-9ED9-EFAAB6D5C6B0}.Debug|x86.Build.0 = Debug|Any CPU
		{EA85F82E-DDBA-4F9D-9ED9-EFAAB6D5C6B0}.Release|Any CPU.ActiveCfg = Release|Any CPU
		{EA85F82E-DDBA-4F9D-9ED9-EFAAB6D5C6B0}.Release|Any CPU.Build.0 = Release|Any CPU
		{EA85F82E-DDBA-4F9D-9ED9-EFAAB6D5C6B0}.Release|x64.ActiveCfg = Release|Any CPU
		{EA85F82E-DDBA-4F9D-9ED9-EFAAB6D5C6B0}.Release|x64.Build.0 = Release|Any CPU
		{EA85F82E-DDBA-4F9D-9ED9-EFAAB6D5C6B0}.Release|x86.ActiveCfg = Release|Any CPU
		{EA85F82E-DDBA-4F9D-9ED9-EFAAB6D5C6B0}.Release|x86.Build.0 = Release|Any CPU
		{862A01D4-E106-4233-AE70-0B0058BA656D}.Debug|Any CPU.ActiveCfg = Debug|Any CPU
		{862A01D4-E106-4233-AE70-0B0058BA656D}.Debug|Any CPU.Build.0 = Debug|Any CPU
		{862A01D4-E106-4233-AE70-0B0058BA656D}.Debug|x64.ActiveCfg = Debug|Any CPU
		{862A01D4-E106-4233-AE70-0B0058BA656D}.Debug|x64.Build.0 = Debug|Any CPU
		{862A01D4-E106-4233-AE70-0B0058BA656D}.Debug|x86.ActiveCfg = Debug|Any CPU
		{862A01D4-E106-4233-AE70-0B0058BA656D}.Debug|x86.Build.0 = Debug|Any CPU
		{862A01D4-E106-4233-AE70-0B0058BA656D}.Release|Any CPU.ActiveCfg = Release|Any CPU
		{862A01D4-E106-4233-AE70-0B0058BA656D}.Release|Any CPU.Build.0 = Release|Any CPU
		{862A01D4-E106-4233-AE70-0B0058BA656D}.Release|x64.ActiveCfg = Release|Any CPU
		{862A01D4-E106-4233-AE70-0B0058BA656D}.Release|x64.Build.0 = Release|Any CPU
		{862A01D4-E106-4233-AE70-0B0058BA656D}.Release|x86.ActiveCfg = Release|Any CPU
		{862A01D4-E106-4233-AE70-0B0058BA656D}.Release|x86.Build.0 = Release|Any CPU
		{278F0B79-7654-4A3A-B7A9-F57F331DFB84}.Debug|Any CPU.ActiveCfg = Debug|Any CPU
		{278F0B79-7654-4A3A-B7A9-F57F331DFB84}.Debug|Any CPU.Build.0 = Debug|Any CPU
		{278F0B79-7654-4A3A-B7A9-F57F331DFB84}.Debug|x64.ActiveCfg = Debug|Any CPU
		{278F0B79-7654-4A3A-B7A9-F57F331DFB84}.Debug|x64.Build.0 = Debug|Any CPU
		{278F0B79-7654-4A3A-B7A9-F57F331DFB84}.Debug|x86.ActiveCfg = Debug|Any CPU
		{278F0B79-7654-4A3A-B7A9-F57F331DFB84}.Debug|x86.Build.0 = Debug|Any CPU
		{278F0B79-7654-4A3A-B7A9-F57F331DFB84}.Release|Any CPU.ActiveCfg = Release|Any CPU
		{278F0B79-7654-4A3A-B7A9-F57F331DFB84}.Release|Any CPU.Build.0 = Release|Any CPU
		{278F0B79-7654-4A3A-B7A9-F57F331DFB84}.Release|x64.ActiveCfg = Release|Any CPU
		{278F0B79-7654-4A3A-B7A9-F57F331DFB84}.Release|x64.Build.0 = Release|Any CPU
		{278F0B79-7654-4A3A-B7A9-F57F331DFB84}.Release|x86.ActiveCfg = Release|Any CPU
		{278F0B79-7654-4A3A-B7A9-F57F331DFB84}.Release|x86.Build.0 = Release|Any CPU
		{273ECE08-9812-4AC6-A638-3469DF9B6CA3}.Debug|Any CPU.ActiveCfg = Debug|Any CPU
		{273ECE08-9812-4AC6-A638-3469DF9B6CA3}.Debug|Any CPU.Build.0 = Debug|Any CPU
		{273ECE08-9812-4AC6-A638-3469DF9B6CA3}.Debug|x64.ActiveCfg = Debug|Any CPU
		{273ECE08-9812-4AC6-A638-3469DF9B6CA3}.Debug|x64.Build.0 = Debug|Any CPU
		{273ECE08-9812-4AC6-A638-3469DF9B6CA3}.Debug|x86.ActiveCfg = Debug|Any CPU
		{273ECE08-9812-4AC6-A638-3469DF9B6CA3}.Debug|x86.Build.0 = Debug|Any CPU
		{273ECE08-9812-4AC6-A638-3469DF9B6CA3}.Release|Any CPU.ActiveCfg = Release|Any CPU
		{273ECE08-9812-4AC6-A638-3469DF9B6CA3}.Release|Any CPU.Build.0 = Release|Any CPU
		{273ECE08-9812-4AC6-A638-3469DF9B6CA3}.Release|x64.ActiveCfg = Release|Any CPU
		{273ECE08-9812-4AC6-A638-3469DF9B6CA3}.Release|x64.Build.0 = Release|Any CPU
		{273ECE08-9812-4AC6-A638-3469DF9B6CA3}.Release|x86.ActiveCfg = Release|Any CPU
		{273ECE08-9812-4AC6-A638-3469DF9B6CA3}.Release|x86.Build.0 = Release|Any CPU
		{18135091-38BC-4E47-AB55-155E3DA70D05}.Debug|Any CPU.ActiveCfg = Debug|Any CPU
		{18135091-38BC-4E47-AB55-155E3DA70D05}.Debug|Any CPU.Build.0 = Debug|Any CPU
		{18135091-38BC-4E47-AB55-155E3DA70D05}.Debug|x64.ActiveCfg = Debug|Any CPU
		{18135091-38BC-4E47-AB55-155E3DA70D05}.Debug|x64.Build.0 = Debug|Any CPU
		{18135091-38BC-4E47-AB55-155E3DA70D05}.Debug|x86.ActiveCfg = Debug|Any CPU
		{18135091-38BC-4E47-AB55-155E3DA70D05}.Debug|x86.Build.0 = Debug|Any CPU
		{18135091-38BC-4E47-AB55-155E3DA70D05}.Release|Any CPU.ActiveCfg = Release|Any CPU
		{18135091-38BC-4E47-AB55-155E3DA70D05}.Release|Any CPU.Build.0 = Release|Any CPU
		{18135091-38BC-4E47-AB55-155E3DA70D05}.Release|x64.ActiveCfg = Release|Any CPU
		{18135091-38BC-4E47-AB55-155E3DA70D05}.Release|x64.Build.0 = Release|Any CPU
		{18135091-38BC-4E47-AB55-155E3DA70D05}.Release|x86.ActiveCfg = Release|Any CPU
		{18135091-38BC-4E47-AB55-155E3DA70D05}.Release|x86.Build.0 = Release|Any CPU
		{4E7D45C7-4286-4434-9F74-A5D1AB34864B}.Debug|Any CPU.ActiveCfg = Debug|Any CPU
		{4E7D45C7-4286-4434-9F74-A5D1AB34864B}.Debug|Any CPU.Build.0 = Debug|Any CPU
		{4E7D45C7-4286-4434-9F74-A5D1AB34864B}.Debug|x64.ActiveCfg = Debug|Any CPU
		{4E7D45C7-4286-4434-9F74-A5D1AB34864B}.Debug|x64.Build.0 = Debug|Any CPU
		{4E7D45C7-4286-4434-9F74-A5D1AB34864B}.Debug|x86.ActiveCfg = Debug|Any CPU
		{4E7D45C7-4286-4434-9F74-A5D1AB34864B}.Debug|x86.Build.0 = Debug|Any CPU
		{4E7D45C7-4286-4434-9F74-A5D1AB34864B}.Release|Any CPU.ActiveCfg = Release|Any CPU
		{4E7D45C7-4286-4434-9F74-A5D1AB34864B}.Release|Any CPU.Build.0 = Release|Any CPU
		{4E7D45C7-4286-4434-9F74-A5D1AB34864B}.Release|x64.ActiveCfg = Release|Any CPU
		{4E7D45C7-4286-4434-9F74-A5D1AB34864B}.Release|x64.Build.0 = Release|Any CPU
		{4E7D45C7-4286-4434-9F74-A5D1AB34864B}.Release|x86.ActiveCfg = Release|Any CPU
		{4E7D45C7-4286-4434-9F74-A5D1AB34864B}.Release|x86.Build.0 = Release|Any CPU
		{2AD0A739-0CB7-4AEC-97B5-3F5250A8EE69}.Debug|Any CPU.ActiveCfg = Debug|Any CPU
		{2AD0A739-0CB7-4AEC-97B5-3F5250A8EE69}.Debug|Any CPU.Build.0 = Debug|Any CPU
		{2AD0A739-0CB7-4AEC-97B5-3F5250A8EE69}.Debug|x64.ActiveCfg = Debug|Any CPU
		{2AD0A739-0CB7-4AEC-97B5-3F5250A8EE69}.Debug|x64.Build.0 = Debug|Any CPU
		{2AD0A739-0CB7-4AEC-97B5-3F5250A8EE69}.Debug|x86.ActiveCfg = Debug|Any CPU
		{2AD0A739-0CB7-4AEC-97B5-3F5250A8EE69}.Debug|x86.Build.0 = Debug|Any CPU
		{2AD0A739-0CB7-4AEC-97B5-3F5250A8EE69}.Release|Any CPU.ActiveCfg = Release|Any CPU
		{2AD0A739-0CB7-4AEC-97B5-3F5250A8EE69}.Release|Any CPU.Build.0 = Release|Any CPU
		{2AD0A739-0CB7-4AEC-97B5-3F5250A8EE69}.Release|x64.ActiveCfg = Release|Any CPU
		{2AD0A739-0CB7-4AEC-97B5-3F5250A8EE69}.Release|x64.Build.0 = Release|Any CPU
		{2AD0A739-0CB7-4AEC-97B5-3F5250A8EE69}.Release|x86.ActiveCfg = Release|Any CPU
		{2AD0A739-0CB7-4AEC-97B5-3F5250A8EE69}.Release|x86.Build.0 = Release|Any CPU
		{C74C64ED-03C1-413B-B14F-81447D409B61}.Debug|Any CPU.ActiveCfg = Debug|x64
		{C74C64ED-03C1-413B-B14F-81447D409B61}.Debug|Any CPU.Build.0 = Debug|x64
		{C74C64ED-03C1-413B-B14F-81447D409B61}.Debug|x64.ActiveCfg = Debug|x64
		{C74C64ED-03C1-413B-B14F-81447D409B61}.Debug|x64.Build.0 = Debug|x64
		{C74C64ED-03C1-413B-B14F-81447D409B61}.Debug|x86.ActiveCfg = Debug|x64
		{C74C64ED-03C1-413B-B14F-81447D409B61}.Debug|x86.Build.0 = Debug|x64
		{C74C64ED-03C1-413B-B14F-81447D409B61}.Release|Any CPU.ActiveCfg = Release|x64
		{C74C64ED-03C1-413B-B14F-81447D409B61}.Release|Any CPU.Build.0 = Release|x64
		{C74C64ED-03C1-413B-B14F-81447D409B61}.Release|x64.ActiveCfg = Release|x64
		{C74C64ED-03C1-413B-B14F-81447D409B61}.Release|x64.Build.0 = Release|x64
		{C74C64ED-03C1-413B-B14F-81447D409B61}.Release|x86.ActiveCfg = Release|x64
		{C74C64ED-03C1-413B-B14F-81447D409B61}.Release|x86.Build.0 = Release|x64
		{9CBF9C3A-17C2-4E65-BBEF-3761FA1040F0}.Debug|Any CPU.ActiveCfg = Debug|Any CPU
		{9CBF9C3A-17C2-4E65-BBEF-3761FA1040F0}.Debug|Any CPU.Build.0 = Debug|Any CPU
		{9CBF9C3A-17C2-4E65-BBEF-3761FA1040F0}.Debug|x64.ActiveCfg = Debug|Any CPU
		{9CBF9C3A-17C2-4E65-BBEF-3761FA1040F0}.Debug|x64.Build.0 = Debug|Any CPU
		{9CBF9C3A-17C2-4E65-BBEF-3761FA1040F0}.Debug|x86.ActiveCfg = Debug|Any CPU
		{9CBF9C3A-17C2-4E65-BBEF-3761FA1040F0}.Debug|x86.Build.0 = Debug|Any CPU
		{9CBF9C3A-17C2-4E65-BBEF-3761FA1040F0}.Release|Any CPU.ActiveCfg = Release|Any CPU
		{9CBF9C3A-17C2-4E65-BBEF-3761FA1040F0}.Release|Any CPU.Build.0 = Release|Any CPU
		{9CBF9C3A-17C2-4E65-BBEF-3761FA1040F0}.Release|x64.ActiveCfg = Release|Any CPU
		{9CBF9C3A-17C2-4E65-BBEF-3761FA1040F0}.Release|x64.Build.0 = Release|Any CPU
		{9CBF9C3A-17C2-4E65-BBEF-3761FA1040F0}.Release|x86.ActiveCfg = Release|Any CPU
		{9CBF9C3A-17C2-4E65-BBEF-3761FA1040F0}.Release|x86.Build.0 = Release|Any CPU
		{5D4C7E12-26F0-4EA7-B2F3-2BFA10ACAB1D}.Debug|Any CPU.ActiveCfg = Debug|Any CPU
		{5D4C7E12-26F0-4EA7-B2F3-2BFA10ACAB1D}.Debug|Any CPU.Build.0 = Debug|Any CPU
		{5D4C7E12-26F0-4EA7-B2F3-2BFA10ACAB1D}.Debug|x64.ActiveCfg = Debug|Any CPU
		{5D4C7E12-26F0-4EA7-B2F3-2BFA10ACAB1D}.Debug|x64.Build.0 = Debug|Any CPU
		{5D4C7E12-26F0-4EA7-B2F3-2BFA10ACAB1D}.Debug|x86.ActiveCfg = Debug|Any CPU
		{5D4C7E12-26F0-4EA7-B2F3-2BFA10ACAB1D}.Debug|x86.Build.0 = Debug|Any CPU
		{5D4C7E12-26F0-4EA7-B2F3-2BFA10ACAB1D}.Release|Any CPU.ActiveCfg = Release|Any CPU
		{5D4C7E12-26F0-4EA7-B2F3-2BFA10ACAB1D}.Release|Any CPU.Build.0 = Release|Any CPU
		{5D4C7E12-26F0-4EA7-B2F3-2BFA10ACAB1D}.Release|x64.ActiveCfg = Release|Any CPU
		{5D4C7E12-26F0-4EA7-B2F3-2BFA10ACAB1D}.Release|x64.Build.0 = Release|Any CPU
		{5D4C7E12-26F0-4EA7-B2F3-2BFA10ACAB1D}.Release|x86.ActiveCfg = Release|Any CPU
		{5D4C7E12-26F0-4EA7-B2F3-2BFA10ACAB1D}.Release|x86.Build.0 = Release|Any CPU
		{3CDA6070-B6D6-4324-B121-01DEB3D69C2F}.Debug|Any CPU.ActiveCfg = Debug|x64
		{3CDA6070-B6D6-4324-B121-01DEB3D69C2F}.Debug|Any CPU.Build.0 = Debug|x64
		{3CDA6070-B6D6-4324-B121-01DEB3D69C2F}.Debug|x64.ActiveCfg = Debug|x64
		{3CDA6070-B6D6-4324-B121-01DEB3D69C2F}.Debug|x64.Build.0 = Debug|x64
		{3CDA6070-B6D6-4324-B121-01DEB3D69C2F}.Debug|x86.ActiveCfg = Debug|Win32
		{3CDA6070-B6D6-4324-B121-01DEB3D69C2F}.Debug|x86.Build.0 = Debug|Win32
		{3CDA6070-B6D6-4324-B121-01DEB3D69C2F}.Release|Any CPU.ActiveCfg = Release|x64
		{3CDA6070-B6D6-4324-B121-01DEB3D69C2F}.Release|Any CPU.Build.0 = Release|x64
		{3CDA6070-B6D6-4324-B121-01DEB3D69C2F}.Release|x64.ActiveCfg = Release|x64
		{3CDA6070-B6D6-4324-B121-01DEB3D69C2F}.Release|x64.Build.0 = Release|x64
		{3CDA6070-B6D6-4324-B121-01DEB3D69C2F}.Release|x86.ActiveCfg = Release|Win32
		{3CDA6070-B6D6-4324-B121-01DEB3D69C2F}.Release|x86.Build.0 = Release|Win32
		{1AE1329A-7414-4B37-96DF-63189B556492}.Debug|Any CPU.ActiveCfg = Debug|x64
		{1AE1329A-7414-4B37-96DF-63189B556492}.Debug|Any CPU.Build.0 = Debug|x64
		{1AE1329A-7414-4B37-96DF-63189B556492}.Debug|x64.ActiveCfg = Debug|x64
		{1AE1329A-7414-4B37-96DF-63189B556492}.Debug|x64.Build.0 = Debug|x64
		{1AE1329A-7414-4B37-96DF-63189B556492}.Debug|x86.ActiveCfg = Debug|Win32
		{1AE1329A-7414-4B37-96DF-63189B556492}.Debug|x86.Build.0 = Debug|Win32
		{1AE1329A-7414-4B37-96DF-63189B556492}.Release|Any CPU.ActiveCfg = Release|x64
		{1AE1329A-7414-4B37-96DF-63189B556492}.Release|Any CPU.Build.0 = Release|x64
		{1AE1329A-7414-4B37-96DF-63189B556492}.Release|x64.ActiveCfg = Release|x64
		{1AE1329A-7414-4B37-96DF-63189B556492}.Release|x64.Build.0 = Release|x64
		{1AE1329A-7414-4B37-96DF-63189B556492}.Release|x86.ActiveCfg = Release|Win32
		{1AE1329A-7414-4B37-96DF-63189B556492}.Release|x86.Build.0 = Release|Win32
		{86AC5FED-C959-441D-AAFC-C3D3A71482FC}.Debug|Any CPU.ActiveCfg = Debug|x64
		{86AC5FED-C959-441D-AAFC-C3D3A71482FC}.Debug|Any CPU.Build.0 = Debug|x64
		{86AC5FED-C959-441D-AAFC-C3D3A71482FC}.Debug|x64.ActiveCfg = Debug|x64
		{86AC5FED-C959-441D-AAFC-C3D3A71482FC}.Debug|x64.Build.0 = Debug|x64
		{86AC5FED-C959-441D-AAFC-C3D3A71482FC}.Debug|x86.ActiveCfg = Debug|Win32
		{86AC5FED-C959-441D-AAFC-C3D3A71482FC}.Debug|x86.Build.0 = Debug|Win32
		{86AC5FED-C959-441D-AAFC-C3D3A71482FC}.Release|Any CPU.ActiveCfg = Release|x64
		{86AC5FED-C959-441D-AAFC-C3D3A71482FC}.Release|Any CPU.Build.0 = Release|x64
		{86AC5FED-C959-441D-AAFC-C3D3A71482FC}.Release|x64.ActiveCfg = Release|x64
		{86AC5FED-C959-441D-AAFC-C3D3A71482FC}.Release|x64.Build.0 = Release|x64
		{86AC5FED-C959-441D-AAFC-C3D3A71482FC}.Release|x86.ActiveCfg = Release|Win32
		{86AC5FED-C959-441D-AAFC-C3D3A71482FC}.Release|x86.Build.0 = Release|Win32
		{044C5E20-5102-4B2E-9095-FBFF948DF64D}.Debug|Any CPU.ActiveCfg = Debug|x64
		{044C5E20-5102-4B2E-9095-FBFF948DF64D}.Debug|Any CPU.Build.0 = Debug|x64
		{044C5E20-5102-4B2E-9095-FBFF948DF64D}.Debug|x64.ActiveCfg = Debug|x64
		{044C5E20-5102-4B2E-9095-FBFF948DF64D}.Debug|x64.Build.0 = Debug|x64
		{044C5E20-5102-4B2E-9095-FBFF948DF64D}.Debug|x86.ActiveCfg = Debug|Win32
		{044C5E20-5102-4B2E-9095-FBFF948DF64D}.Debug|x86.Build.0 = Debug|Win32
		{044C5E20-5102-4B2E-9095-FBFF948DF64D}.Release|Any CPU.ActiveCfg = Release|x64
		{044C5E20-5102-4B2E-9095-FBFF948DF64D}.Release|Any CPU.Build.0 = Release|x64
		{044C5E20-5102-4B2E-9095-FBFF948DF64D}.Release|x64.ActiveCfg = Release|x64
		{044C5E20-5102-4B2E-9095-FBFF948DF64D}.Release|x64.Build.0 = Release|x64
		{044C5E20-5102-4B2E-9095-FBFF948DF64D}.Release|x86.ActiveCfg = Release|Win32
		{044C5E20-5102-4B2E-9095-FBFF948DF64D}.Release|x86.Build.0 = Release|Win32
		{9C2A1510-110A-495E-9C2C-F13E624DD3CB}.Debug|Any CPU.ActiveCfg = Debug|Any CPU
		{9C2A1510-110A-495E-9C2C-F13E624DD3CB}.Debug|Any CPU.Build.0 = Debug|Any CPU
		{9C2A1510-110A-495E-9C2C-F13E624DD3CB}.Debug|x64.ActiveCfg = Debug|Any CPU
		{9C2A1510-110A-495E-9C2C-F13E624DD3CB}.Debug|x64.Build.0 = Debug|Any CPU
		{9C2A1510-110A-495E-9C2C-F13E624DD3CB}.Debug|x86.ActiveCfg = Debug|Any CPU
		{9C2A1510-110A-495E-9C2C-F13E624DD3CB}.Debug|x86.Build.0 = Debug|Any CPU
		{9C2A1510-110A-495E-9C2C-F13E624DD3CB}.Release|Any CPU.ActiveCfg = Release|Any CPU
		{9C2A1510-110A-495E-9C2C-F13E624DD3CB}.Release|Any CPU.Build.0 = Release|Any CPU
		{9C2A1510-110A-495E-9C2C-F13E624DD3CB}.Release|x64.ActiveCfg = Release|Any CPU
		{9C2A1510-110A-495E-9C2C-F13E624DD3CB}.Release|x64.Build.0 = Release|Any CPU
		{9C2A1510-110A-495E-9C2C-F13E624DD3CB}.Release|x86.ActiveCfg = Release|Any CPU
		{9C2A1510-110A-495E-9C2C-F13E624DD3CB}.Release|x86.Build.0 = Release|Any CPU
		{F04DF606-2F68-4A60-BBF8-F86DEE931CC1}.Debug|Any CPU.ActiveCfg = Debug|Any CPU
		{F04DF606-2F68-4A60-BBF8-F86DEE931CC1}.Debug|Any CPU.Build.0 = Debug|Any CPU
		{F04DF606-2F68-4A60-BBF8-F86DEE931CC1}.Debug|x64.ActiveCfg = Debug|Any CPU
		{F04DF606-2F68-4A60-BBF8-F86DEE931CC1}.Debug|x64.Build.0 = Debug|Any CPU
		{F04DF606-2F68-4A60-BBF8-F86DEE931CC1}.Debug|x86.ActiveCfg = Debug|Any CPU
		{F04DF606-2F68-4A60-BBF8-F86DEE931CC1}.Debug|x86.Build.0 = Debug|Any CPU
		{F04DF606-2F68-4A60-BBF8-F86DEE931CC1}.Release|Any CPU.ActiveCfg = Release|Any CPU
		{F04DF606-2F68-4A60-BBF8-F86DEE931CC1}.Release|Any CPU.Build.0 = Release|Any CPU
		{F04DF606-2F68-4A60-BBF8-F86DEE931CC1}.Release|x64.ActiveCfg = Release|Any CPU
		{F04DF606-2F68-4A60-BBF8-F86DEE931CC1}.Release|x64.Build.0 = Release|Any CPU
		{F04DF606-2F68-4A60-BBF8-F86DEE931CC1}.Release|x86.ActiveCfg = Release|Any CPU
		{F04DF606-2F68-4A60-BBF8-F86DEE931CC1}.Release|x86.Build.0 = Release|Any CPU
		{EAC81B8D-FD78-41C8-A823-AE40B069E716}.Debug|Any CPU.ActiveCfg = Debug|Any CPU
		{EAC81B8D-FD78-41C8-A823-AE40B069E716}.Debug|Any CPU.Build.0 = Debug|Any CPU
		{EAC81B8D-FD78-41C8-A823-AE40B069E716}.Debug|x64.ActiveCfg = Debug|Any CPU
		{EAC81B8D-FD78-41C8-A823-AE40B069E716}.Debug|x64.Build.0 = Debug|Any CPU
		{EAC81B8D-FD78-41C8-A823-AE40B069E716}.Debug|x86.ActiveCfg = Debug|Any CPU
		{EAC81B8D-FD78-41C8-A823-AE40B069E716}.Debug|x86.Build.0 = Debug|Any CPU
		{EAC81B8D-FD78-41C8-A823-AE40B069E716}.Release|Any CPU.ActiveCfg = Release|Any CPU
		{EAC81B8D-FD78-41C8-A823-AE40B069E716}.Release|Any CPU.Build.0 = Release|Any CPU
		{EAC81B8D-FD78-41C8-A823-AE40B069E716}.Release|x64.ActiveCfg = Release|Any CPU
		{EAC81B8D-FD78-41C8-A823-AE40B069E716}.Release|x64.Build.0 = Release|Any CPU
		{EAC81B8D-FD78-41C8-A823-AE40B069E716}.Release|x86.ActiveCfg = Release|Any CPU
		{EAC81B8D-FD78-41C8-A823-AE40B069E716}.Release|x86.Build.0 = Release|Any CPU
		{708842E3-E402-4BDE-A799-E5E2C988C384}.Debug|Any CPU.ActiveCfg = Debug|Any CPU
		{708842E3-E402-4BDE-A799-E5E2C988C384}.Debug|Any CPU.Build.0 = Debug|Any CPU
		{708842E3-E402-4BDE-A799-E5E2C988C384}.Debug|x64.ActiveCfg = Debug|Any CPU
		{708842E3-E402-4BDE-A799-E5E2C988C384}.Debug|x64.Build.0 = Debug|Any CPU
		{708842E3-E402-4BDE-A799-E5E2C988C384}.Debug|x86.ActiveCfg = Debug|Any CPU
		{708842E3-E402-4BDE-A799-E5E2C988C384}.Debug|x86.Build.0 = Debug|Any CPU
		{708842E3-E402-4BDE-A799-E5E2C988C384}.Release|Any CPU.ActiveCfg = Release|Any CPU
		{708842E3-E402-4BDE-A799-E5E2C988C384}.Release|Any CPU.Build.0 = Release|Any CPU
		{708842E3-E402-4BDE-A799-E5E2C988C384}.Release|x64.ActiveCfg = Release|Any CPU
		{708842E3-E402-4BDE-A799-E5E2C988C384}.Release|x64.Build.0 = Release|Any CPU
		{708842E3-E402-4BDE-A799-E5E2C988C384}.Release|x86.ActiveCfg = Release|Any CPU
		{708842E3-E402-4BDE-A799-E5E2C988C384}.Release|x86.Build.0 = Release|Any CPU
		{F1DC77A3-5360-4CC4-94F4-CCBB03A6F17A}.Debug|Any CPU.ActiveCfg = Debug|Any CPU
		{F1DC77A3-5360-4CC4-94F4-CCBB03A6F17A}.Debug|Any CPU.Build.0 = Debug|Any CPU
		{F1DC77A3-5360-4CC4-94F4-CCBB03A6F17A}.Debug|x64.ActiveCfg = Debug|Any CPU
		{F1DC77A3-5360-4CC4-94F4-CCBB03A6F17A}.Debug|x64.Build.0 = Debug|Any CPU
		{F1DC77A3-5360-4CC4-94F4-CCBB03A6F17A}.Debug|x86.ActiveCfg = Debug|Any CPU
		{F1DC77A3-5360-4CC4-94F4-CCBB03A6F17A}.Debug|x86.Build.0 = Debug|Any CPU
		{F1DC77A3-5360-4CC4-94F4-CCBB03A6F17A}.Release|Any CPU.ActiveCfg = Release|Any CPU
		{F1DC77A3-5360-4CC4-94F4-CCBB03A6F17A}.Release|Any CPU.Build.0 = Release|Any CPU
		{F1DC77A3-5360-4CC4-94F4-CCBB03A6F17A}.Release|x64.ActiveCfg = Release|Any CPU
		{F1DC77A3-5360-4CC4-94F4-CCBB03A6F17A}.Release|x64.Build.0 = Release|Any CPU
		{F1DC77A3-5360-4CC4-94F4-CCBB03A6F17A}.Release|x86.ActiveCfg = Release|Any CPU
		{F1DC77A3-5360-4CC4-94F4-CCBB03A6F17A}.Release|x86.Build.0 = Release|Any CPU
		{208AB04C-7904-4ADD-8534-7512182E942A}.Debug|Any CPU.ActiveCfg = Debug|Any CPU
		{208AB04C-7904-4ADD-8534-7512182E942A}.Debug|Any CPU.Build.0 = Debug|Any CPU
		{208AB04C-7904-4ADD-8534-7512182E942A}.Debug|x64.ActiveCfg = Debug|Any CPU
		{208AB04C-7904-4ADD-8534-7512182E942A}.Debug|x64.Build.0 = Debug|Any CPU
		{208AB04C-7904-4ADD-8534-7512182E942A}.Debug|x86.ActiveCfg = Debug|Any CPU
		{208AB04C-7904-4ADD-8534-7512182E942A}.Debug|x86.Build.0 = Debug|Any CPU
		{208AB04C-7904-4ADD-8534-7512182E942A}.Release|Any CPU.ActiveCfg = Release|Any CPU
		{208AB04C-7904-4ADD-8534-7512182E942A}.Release|Any CPU.Build.0 = Release|Any CPU
		{208AB04C-7904-4ADD-8534-7512182E942A}.Release|x64.ActiveCfg = Release|Any CPU
		{208AB04C-7904-4ADD-8534-7512182E942A}.Release|x64.Build.0 = Release|Any CPU
		{208AB04C-7904-4ADD-8534-7512182E942A}.Release|x86.ActiveCfg = Release|Any CPU
		{208AB04C-7904-4ADD-8534-7512182E942A}.Release|x86.Build.0 = Release|Any CPU
		{6127A773-7C51-49D6-9DFA-AC081829A65B}.Debug|Any CPU.ActiveCfg = Debug|Any CPU
		{6127A773-7C51-49D6-9DFA-AC081829A65B}.Debug|Any CPU.Build.0 = Debug|Any CPU
		{6127A773-7C51-49D6-9DFA-AC081829A65B}.Debug|x64.ActiveCfg = Debug|Any CPU
		{6127A773-7C51-49D6-9DFA-AC081829A65B}.Debug|x64.Build.0 = Debug|Any CPU
		{6127A773-7C51-49D6-9DFA-AC081829A65B}.Debug|x86.ActiveCfg = Debug|Any CPU
		{6127A773-7C51-49D6-9DFA-AC081829A65B}.Debug|x86.Build.0 = Debug|Any CPU
		{6127A773-7C51-49D6-9DFA-AC081829A65B}.Release|Any CPU.ActiveCfg = Release|Any CPU
		{6127A773-7C51-49D6-9DFA-AC081829A65B}.Release|Any CPU.Build.0 = Release|Any CPU
		{6127A773-7C51-49D6-9DFA-AC081829A65B}.Release|x64.ActiveCfg = Release|Any CPU
		{6127A773-7C51-49D6-9DFA-AC081829A65B}.Release|x64.Build.0 = Release|Any CPU
		{6127A773-7C51-49D6-9DFA-AC081829A65B}.Release|x86.ActiveCfg = Release|Any CPU
		{6127A773-7C51-49D6-9DFA-AC081829A65B}.Release|x86.Build.0 = Release|Any CPU
		{5A36D1E2-B810-4335-900E-8145173FF649}.Debug|Any CPU.ActiveCfg = Debug|Any CPU
		{5A36D1E2-B810-4335-900E-8145173FF649}.Debug|Any CPU.Build.0 = Debug|Any CPU
		{5A36D1E2-B810-4335-900E-8145173FF649}.Debug|x64.ActiveCfg = Debug|Any CPU
		{5A36D1E2-B810-4335-900E-8145173FF649}.Debug|x64.Build.0 = Debug|Any CPU
		{5A36D1E2-B810-4335-900E-8145173FF649}.Debug|x86.ActiveCfg = Debug|Any CPU
		{5A36D1E2-B810-4335-900E-8145173FF649}.Debug|x86.Build.0 = Debug|Any CPU
		{5A36D1E2-B810-4335-900E-8145173FF649}.Release|Any CPU.ActiveCfg = Release|Any CPU
		{5A36D1E2-B810-4335-900E-8145173FF649}.Release|Any CPU.Build.0 = Release|Any CPU
		{5A36D1E2-B810-4335-900E-8145173FF649}.Release|x64.ActiveCfg = Release|Any CPU
		{5A36D1E2-B810-4335-900E-8145173FF649}.Release|x64.Build.0 = Release|Any CPU
		{5A36D1E2-B810-4335-900E-8145173FF649}.Release|x86.ActiveCfg = Release|Any CPU
		{5A36D1E2-B810-4335-900E-8145173FF649}.Release|x86.Build.0 = Release|Any CPU
		{4483DC9B-24E3-4893-A2A1-DEAA787EFC57}.Debug|Any CPU.ActiveCfg = Debug|Any CPU
		{4483DC9B-24E3-4893-A2A1-DEAA787EFC57}.Debug|Any CPU.Build.0 = Debug|Any CPU
		{4483DC9B-24E3-4893-A2A1-DEAA787EFC57}.Debug|x64.ActiveCfg = Debug|Any CPU
		{4483DC9B-24E3-4893-A2A1-DEAA787EFC57}.Debug|x64.Build.0 = Debug|Any CPU
		{4483DC9B-24E3-4893-A2A1-DEAA787EFC57}.Debug|x86.ActiveCfg = Debug|Any CPU
		{4483DC9B-24E3-4893-A2A1-DEAA787EFC57}.Debug|x86.Build.0 = Debug|Any CPU
		{4483DC9B-24E3-4893-A2A1-DEAA787EFC57}.Release|Any CPU.ActiveCfg = Release|Any CPU
		{4483DC9B-24E3-4893-A2A1-DEAA787EFC57}.Release|Any CPU.Build.0 = Release|Any CPU
		{4483DC9B-24E3-4893-A2A1-DEAA787EFC57}.Release|x64.ActiveCfg = Release|Any CPU
		{4483DC9B-24E3-4893-A2A1-DEAA787EFC57}.Release|x64.Build.0 = Release|Any CPU
		{4483DC9B-24E3-4893-A2A1-DEAA787EFC57}.Release|x86.ActiveCfg = Release|Any CPU
		{4483DC9B-24E3-4893-A2A1-DEAA787EFC57}.Release|x86.Build.0 = Release|Any CPU
		{349BC5CF-F803-4DD8-922E-558D41101B40}.Debug|Any CPU.ActiveCfg = Debug|Any CPU
		{349BC5CF-F803-4DD8-922E-558D41101B40}.Debug|Any CPU.Build.0 = Debug|Any CPU
		{349BC5CF-F803-4DD8-922E-558D41101B40}.Debug|x64.ActiveCfg = Debug|Any CPU
		{349BC5CF-F803-4DD8-922E-558D41101B40}.Debug|x64.Build.0 = Debug|Any CPU
		{349BC5CF-F803-4DD8-922E-558D41101B40}.Debug|x86.ActiveCfg = Debug|Any CPU
		{349BC5CF-F803-4DD8-922E-558D41101B40}.Debug|x86.Build.0 = Debug|Any CPU
		{349BC5CF-F803-4DD8-922E-558D41101B40}.Release|Any CPU.ActiveCfg = Release|Any CPU
		{349BC5CF-F803-4DD8-922E-558D41101B40}.Release|Any CPU.Build.0 = Release|Any CPU
		{349BC5CF-F803-4DD8-922E-558D41101B40}.Release|x64.ActiveCfg = Release|Any CPU
		{349BC5CF-F803-4DD8-922E-558D41101B40}.Release|x64.Build.0 = Release|Any CPU
		{349BC5CF-F803-4DD8-922E-558D41101B40}.Release|x86.ActiveCfg = Release|Any CPU
		{349BC5CF-F803-4DD8-922E-558D41101B40}.Release|x86.Build.0 = Release|Any CPU
		{9EF0FD67-33D7-4643-BEA7-AD1C81588D8E}.Debug|Any CPU.ActiveCfg = Debug|Any CPU
		{9EF0FD67-33D7-4643-BEA7-AD1C81588D8E}.Debug|Any CPU.Build.0 = Debug|Any CPU
		{9EF0FD67-33D7-4643-BEA7-AD1C81588D8E}.Debug|x64.ActiveCfg = Debug|Any CPU
		{9EF0FD67-33D7-4643-BEA7-AD1C81588D8E}.Debug|x64.Build.0 = Debug|Any CPU
		{9EF0FD67-33D7-4643-BEA7-AD1C81588D8E}.Debug|x86.ActiveCfg = Debug|Any CPU
		{9EF0FD67-33D7-4643-BEA7-AD1C81588D8E}.Debug|x86.Build.0 = Debug|Any CPU
		{9EF0FD67-33D7-4643-BEA7-AD1C81588D8E}.Release|Any CPU.ActiveCfg = Release|Any CPU
		{9EF0FD67-33D7-4643-BEA7-AD1C81588D8E}.Release|Any CPU.Build.0 = Release|Any CPU
		{9EF0FD67-33D7-4643-BEA7-AD1C81588D8E}.Release|x64.ActiveCfg = Release|Any CPU
		{9EF0FD67-33D7-4643-BEA7-AD1C81588D8E}.Release|x64.Build.0 = Release|Any CPU
		{9EF0FD67-33D7-4643-BEA7-AD1C81588D8E}.Release|x86.ActiveCfg = Release|Any CPU
		{9EF0FD67-33D7-4643-BEA7-AD1C81588D8E}.Release|x86.Build.0 = Release|Any CPU
		{35F1407F-7948-4EED-AF55-8356AF7D955D}.Debug|Any CPU.ActiveCfg = Debug|Any CPU
		{35F1407F-7948-4EED-AF55-8356AF7D955D}.Debug|Any CPU.Build.0 = Debug|Any CPU
		{35F1407F-7948-4EED-AF55-8356AF7D955D}.Debug|x64.ActiveCfg = Debug|Any CPU
		{35F1407F-7948-4EED-AF55-8356AF7D955D}.Debug|x64.Build.0 = Debug|Any CPU
		{35F1407F-7948-4EED-AF55-8356AF7D955D}.Debug|x86.ActiveCfg = Debug|Any CPU
		{35F1407F-7948-4EED-AF55-8356AF7D955D}.Debug|x86.Build.0 = Debug|Any CPU
		{35F1407F-7948-4EED-AF55-8356AF7D955D}.Release|Any CPU.ActiveCfg = Release|Any CPU
		{35F1407F-7948-4EED-AF55-8356AF7D955D}.Release|Any CPU.Build.0 = Release|Any CPU
		{35F1407F-7948-4EED-AF55-8356AF7D955D}.Release|x64.ActiveCfg = Release|Any CPU
		{35F1407F-7948-4EED-AF55-8356AF7D955D}.Release|x64.Build.0 = Release|Any CPU
		{35F1407F-7948-4EED-AF55-8356AF7D955D}.Release|x86.ActiveCfg = Release|Any CPU
		{35F1407F-7948-4EED-AF55-8356AF7D955D}.Release|x86.Build.0 = Release|Any CPU
		{E8D6F8B0-8A9C-4D2E-9F3A-5C7B8E1D4F6A}.Debug|Any CPU.ActiveCfg = Debug|Any CPU
		{E8D6F8B0-8A9C-4D2E-9F3A-5C7B8E1D4F6A}.Debug|Any CPU.Build.0 = Debug|Any CPU
		{E8D6F8B0-8A9C-4D2E-9F3A-5C7B8E1D4F6A}.Debug|x64.ActiveCfg = Debug|Any CPU
		{E8D6F8B0-8A9C-4D2E-9F3A-5C7B8E1D4F6A}.Debug|x64.Build.0 = Debug|Any CPU
		{E8D6F8B0-8A9C-4D2E-9F3A-5C7B8E1D4F6A}.Debug|x86.ActiveCfg = Debug|Any CPU
		{E8D6F8B0-8A9C-4D2E-9F3A-5C7B8E1D4F6A}.Debug|x86.Build.0 = Debug|Any CPU
		{E8D6F8B0-8A9C-4D2E-9F3A-5C7B8E1D4F6A}.Release|Any CPU.ActiveCfg = Release|Any CPU
		{E8D6F8B0-8A9C-4D2E-9F3A-5C7B8E1D4F6A}.Release|Any CPU.Build.0 = Release|Any CPU
		{E8D6F8B0-8A9C-4D2E-9F3A-5C7B8E1D4F6A}.Release|x64.ActiveCfg = Release|Any CPU
		{E8D6F8B0-8A9C-4D2E-9F3A-5C7B8E1D4F6A}.Release|x64.Build.0 = Release|Any CPU
		{E8D6F8B0-8A9C-4D2E-9F3A-5C7B8E1D4F6A}.Release|x86.ActiveCfg = Release|Any CPU
		{E8D6F8B0-8A9C-4D2E-9F3A-5C7B8E1D4F6A}.Release|x86.Build.0 = Release|Any CPU
		{CC1390DB-1CAC-625E-6DA5-3D75BF8DE2D3}.Debug|Any CPU.ActiveCfg = Debug|Any CPU
		{CC1390DB-1CAC-625E-6DA5-3D75BF8DE2D3}.Debug|Any CPU.Build.0 = Debug|Any CPU
		{CC1390DB-1CAC-625E-6DA5-3D75BF8DE2D3}.Debug|x64.ActiveCfg = Debug|Any CPU
		{CC1390DB-1CAC-625E-6DA5-3D75BF8DE2D3}.Debug|x64.Build.0 = Debug|Any CPU
		{CC1390DB-1CAC-625E-6DA5-3D75BF8DE2D3}.Debug|x86.ActiveCfg = Debug|Any CPU
		{CC1390DB-1CAC-625E-6DA5-3D75BF8DE2D3}.Debug|x86.Build.0 = Debug|Any CPU
		{CC1390DB-1CAC-625E-6DA5-3D75BF8DE2D3}.Release|Any CPU.ActiveCfg = Release|Any CPU
		{CC1390DB-1CAC-625E-6DA5-3D75BF8DE2D3}.Release|Any CPU.Build.0 = Release|Any CPU
		{CC1390DB-1CAC-625E-6DA5-3D75BF8DE2D3}.Release|x64.ActiveCfg = Release|Any CPU
		{CC1390DB-1CAC-625E-6DA5-3D75BF8DE2D3}.Release|x64.Build.0 = Release|Any CPU
		{CC1390DB-1CAC-625E-6DA5-3D75BF8DE2D3}.Release|x86.ActiveCfg = Release|Any CPU
		{CC1390DB-1CAC-625E-6DA5-3D75BF8DE2D3}.Release|x86.Build.0 = Release|Any CPU
		{D88ECB1F-D65D-42F3-8D67-BCCCA9030986}.Debug|Any CPU.ActiveCfg = Debug|Any CPU
		{D88ECB1F-D65D-42F3-8D67-BCCCA9030986}.Debug|Any CPU.Build.0 = Debug|Any CPU
		{D88ECB1F-D65D-42F3-8D67-BCCCA9030986}.Debug|x64.ActiveCfg = Debug|Any CPU
		{D88ECB1F-D65D-42F3-8D67-BCCCA9030986}.Debug|x64.Build.0 = Debug|Any CPU
		{D88ECB1F-D65D-42F3-8D67-BCCCA9030986}.Debug|x86.ActiveCfg = Debug|Any CPU
		{D88ECB1F-D65D-42F3-8D67-BCCCA9030986}.Debug|x86.Build.0 = Debug|Any CPU
		{D88ECB1F-D65D-42F3-8D67-BCCCA9030986}.Release|Any CPU.ActiveCfg = Release|Any CPU
		{D88ECB1F-D65D-42F3-8D67-BCCCA9030986}.Release|Any CPU.Build.0 = Release|Any CPU
		{D88ECB1F-D65D-42F3-8D67-BCCCA9030986}.Release|x64.ActiveCfg = Release|Any CPU
		{D88ECB1F-D65D-42F3-8D67-BCCCA9030986}.Release|x64.Build.0 = Release|Any CPU
		{D88ECB1F-D65D-42F3-8D67-BCCCA9030986}.Release|x86.ActiveCfg = Release|Any CPU
		{D88ECB1F-D65D-42F3-8D67-BCCCA9030986}.Release|x86.Build.0 = Release|Any CPU
		{F3E602B0-6635-4276-99DA-FC4DE942AE01}.Debug|Any CPU.ActiveCfg = Debug|Any CPU
		{F3E602B0-6635-4276-99DA-FC4DE942AE01}.Debug|Any CPU.Build.0 = Debug|Any CPU
		{F3E602B0-6635-4276-99DA-FC4DE942AE01}.Debug|x64.ActiveCfg = Debug|Any CPU
		{F3E602B0-6635-4276-99DA-FC4DE942AE01}.Debug|x64.Build.0 = Debug|Any CPU
		{F3E602B0-6635-4276-99DA-FC4DE942AE01}.Debug|x86.ActiveCfg = Debug|Any CPU
		{F3E602B0-6635-4276-99DA-FC4DE942AE01}.Debug|x86.Build.0 = Debug|Any CPU
		{F3E602B0-6635-4276-99DA-FC4DE942AE01}.Release|Any CPU.ActiveCfg = Release|Any CPU
		{F3E602B0-6635-4276-99DA-FC4DE942AE01}.Release|Any CPU.Build.0 = Release|Any CPU
		{F3E602B0-6635-4276-99DA-FC4DE942AE01}.Release|x64.ActiveCfg = Release|Any CPU
		{F3E602B0-6635-4276-99DA-FC4DE942AE01}.Release|x64.Build.0 = Release|Any CPU
		{F3E602B0-6635-4276-99DA-FC4DE942AE01}.Release|x86.ActiveCfg = Release|Any CPU
		{F3E602B0-6635-4276-99DA-FC4DE942AE01}.Release|x86.Build.0 = Release|Any CPU
		{A8B9E9F3-2B4A-4C1D-B8D5-8F7D7A9E7B0E}.Debug|Any CPU.ActiveCfg = Debug|Any CPU
		{A8B9E9F3-2B4A-4C1D-B8D5-8F7D7A9E7B0E}.Debug|Any CPU.Build.0 = Debug|Any CPU
		{A8B9E9F3-2B4A-4C1D-B8D5-8F7D7A9E7B0E}.Debug|x64.ActiveCfg = Debug|Any CPU
		{A8B9E9F3-2B4A-4C1D-B8D5-8F7D7A9E7B0E}.Debug|x64.Build.0 = Debug|Any CPU
		{A8B9E9F3-2B4A-4C1D-B8D5-8F7D7A9E7B0E}.Debug|x86.ActiveCfg = Debug|Any CPU
		{A8B9E9F3-2B4A-4C1D-B8D5-8F7D7A9E7B0E}.Debug|x86.Build.0 = Debug|Any CPU
		{A8B9E9F3-2B4A-4C1D-B8D5-8F7D7A9E7B0E}.Release|Any CPU.ActiveCfg = Release|Any CPU
		{A8B9E9F3-2B4A-4C1D-B8D5-8F7D7A9E7B0E}.Release|Any CPU.Build.0 = Release|Any CPU
		{A8B9E9F3-2B4A-4C1D-B8D5-8F7D7A9E7B0E}.Release|x64.ActiveCfg = Release|Any CPU
		{A8B9E9F3-2B4A-4C1D-B8D5-8F7D7A9E7B0E}.Release|x64.Build.0 = Release|Any CPU
		{A8B9E9F3-2B4A-4C1D-B8D5-8F7D7A9E7B0E}.Release|x86.ActiveCfg = Release|Any CPU
		{A8B9E9F3-2B4A-4C1D-B8D5-8F7D7A9E7B0E}.Release|x86.Build.0 = Release|Any CPU
		{CAD8EDF3-26D4-47F1-BACC-BF258748EB6A}.Debug|Any CPU.ActiveCfg = Debug|Any CPU
		{CAD8EDF3-26D4-47F1-BACC-BF258748EB6A}.Debug|Any CPU.Build.0 = Debug|Any CPU
		{CAD8EDF3-26D4-47F1-BACC-BF258748EB6A}.Debug|x64.ActiveCfg = Debug|Any CPU
		{CAD8EDF3-26D4-47F1-BACC-BF258748EB6A}.Debug|x64.Build.0 = Debug|Any CPU
		{CAD8EDF3-26D4-47F1-BACC-BF258748EB6A}.Debug|x86.ActiveCfg = Debug|Any CPU
		{CAD8EDF3-26D4-47F1-BACC-BF258748EB6A}.Debug|x86.Build.0 = Debug|Any CPU
		{CAD8EDF3-26D4-47F1-BACC-BF258748EB6A}.Release|Any CPU.ActiveCfg = Release|Any CPU
		{CAD8EDF3-26D4-47F1-BACC-BF258748EB6A}.Release|Any CPU.Build.0 = Release|Any CPU
		{CAD8EDF3-26D4-47F1-BACC-BF258748EB6A}.Release|x64.ActiveCfg = Release|Any CPU
		{CAD8EDF3-26D4-47F1-BACC-BF258748EB6A}.Release|x64.Build.0 = Release|Any CPU
		{CAD8EDF3-26D4-47F1-BACC-BF258748EB6A}.Release|x86.ActiveCfg = Release|Any CPU
		{CAD8EDF3-26D4-47F1-BACC-BF258748EB6A}.Release|x86.Build.0 = Release|Any CPU
		{49F4EF01-51B3-3DE8-8383-0C69E24F2065}.Debug|Any CPU.ActiveCfg = Debug|Any CPU
		{49F4EF01-51B3-3DE8-8383-0C69E24F2065}.Debug|Any CPU.Build.0 = Debug|Any CPU
		{49F4EF01-51B3-3DE8-8383-0C69E24F2065}.Debug|x64.ActiveCfg = Debug|Any CPU
		{49F4EF01-51B3-3DE8-8383-0C69E24F2065}.Debug|x64.Build.0 = Debug|Any CPU
		{49F4EF01-51B3-3DE8-8383-0C69E24F2065}.Debug|x86.ActiveCfg = Debug|Any CPU
		{49F4EF01-51B3-3DE8-8383-0C69E24F2065}.Debug|x86.Build.0 = Debug|Any CPU
		{49F4EF01-51B3-3DE8-8383-0C69E24F2065}.Release|Any CPU.ActiveCfg = Release|Any CPU
		{49F4EF01-51B3-3DE8-8383-0C69E24F2065}.Release|Any CPU.Build.0 = Release|Any CPU
		{49F4EF01-51B3-3DE8-8383-0C69E24F2065}.Release|x64.ActiveCfg = Release|Any CPU
		{49F4EF01-51B3-3DE8-8383-0C69E24F2065}.Release|x64.Build.0 = Release|Any CPU
		{49F4EF01-51B3-3DE8-8383-0C69E24F2065}.Release|x86.ActiveCfg = Release|Any CPU
		{49F4EF01-51B3-3DE8-8383-0C69E24F2065}.Release|x86.Build.0 = Release|Any CPU
		{FFD9D338-5847-BF5D-D7EF-AEBBCE1E16A7}.Debug|Any CPU.ActiveCfg = Debug|Any CPU
		{FFD9D338-5847-BF5D-D7EF-AEBBCE1E16A7}.Debug|Any CPU.Build.0 = Debug|Any CPU
		{FFD9D338-5847-BF5D-D7EF-AEBBCE1E16A7}.Debug|x64.ActiveCfg = Debug|Any CPU
		{FFD9D338-5847-BF5D-D7EF-AEBBCE1E16A7}.Debug|x64.Build.0 = Debug|Any CPU
		{FFD9D338-5847-BF5D-D7EF-AEBBCE1E16A7}.Debug|x86.ActiveCfg = Debug|Any CPU
		{FFD9D338-5847-BF5D-D7EF-AEBBCE1E16A7}.Debug|x86.Build.0 = Debug|Any CPU
		{FFD9D338-5847-BF5D-D7EF-AEBBCE1E16A7}.Release|Any CPU.ActiveCfg = Release|Any CPU
		{FFD9D338-5847-BF5D-D7EF-AEBBCE1E16A7}.Release|Any CPU.Build.0 = Release|Any CPU
		{FFD9D338-5847-BF5D-D7EF-AEBBCE1E16A7}.Release|x64.ActiveCfg = Release|Any CPU
		{FFD9D338-5847-BF5D-D7EF-AEBBCE1E16A7}.Release|x64.Build.0 = Release|Any CPU
		{FFD9D338-5847-BF5D-D7EF-AEBBCE1E16A7}.Release|x86.ActiveCfg = Release|Any CPU
		{FFD9D338-5847-BF5D-D7EF-AEBBCE1E16A7}.Release|x86.Build.0 = Release|Any CPU
		{DCFB3FE9-57CF-5630-DEAC-CA5843F09DD1}.Debug|Any CPU.ActiveCfg = Debug|Any CPU
		{DCFB3FE9-57CF-5630-DEAC-CA5843F09DD1}.Debug|Any CPU.Build.0 = Debug|Any CPU
		{DCFB3FE9-57CF-5630-DEAC-CA5843F09DD1}.Debug|x64.ActiveCfg = Debug|Any CPU
		{DCFB3FE9-57CF-5630-DEAC-CA5843F09DD1}.Debug|x64.Build.0 = Debug|Any CPU
		{DCFB3FE9-57CF-5630-DEAC-CA5843F09DD1}.Debug|x86.ActiveCfg = Debug|Any CPU
		{DCFB3FE9-57CF-5630-DEAC-CA5843F09DD1}.Debug|x86.Build.0 = Debug|Any CPU
		{DCFB3FE9-57CF-5630-DEAC-CA5843F09DD1}.Release|Any CPU.ActiveCfg = Release|Any CPU
		{DCFB3FE9-57CF-5630-DEAC-CA5843F09DD1}.Release|Any CPU.Build.0 = Release|Any CPU
		{DCFB3FE9-57CF-5630-DEAC-CA5843F09DD1}.Release|x64.ActiveCfg = Release|Any CPU
		{DCFB3FE9-57CF-5630-DEAC-CA5843F09DD1}.Release|x64.Build.0 = Release|Any CPU
		{DCFB3FE9-57CF-5630-DEAC-CA5843F09DD1}.Release|x86.ActiveCfg = Release|Any CPU
		{DCFB3FE9-57CF-5630-DEAC-CA5843F09DD1}.Release|x86.Build.0 = Release|Any CPU
		{8A2F1E8C-9B5D-4C3A-A8F7-2E6D4B9C1A3F}.Debug|Any CPU.ActiveCfg = Debug|Any CPU
		{8A2F1E8C-9B5D-4C3A-A8F7-2E6D4B9C1A3F}.Debug|Any CPU.Build.0 = Debug|Any CPU
		{8A2F1E8C-9B5D-4C3A-A8F7-2E6D4B9C1A3F}.Debug|x64.ActiveCfg = Debug|x64
		{8A2F1E8C-9B5D-4C3A-A8F7-2E6D4B9C1A3F}.Debug|x64.Build.0 = Debug|x64
		{8A2F1E8C-9B5D-4C3A-A8F7-2E6D4B9C1A3F}.Debug|x86.ActiveCfg = Debug|Any CPU
		{8A2F1E8C-9B5D-4C3A-A8F7-2E6D4B9C1A3F}.Debug|x86.Build.0 = Debug|Any CPU
		{8A2F1E8C-9B5D-4C3A-A8F7-2E6D4B9C1A3F}.Release|Any CPU.ActiveCfg = Release|Any CPU
		{8A2F1E8C-9B5D-4C3A-A8F7-2E6D4B9C1A3F}.Release|Any CPU.Build.0 = Release|Any CPU
		{8A2F1E8C-9B5D-4C3A-A8F7-2E6D4B9C1A3F}.Release|x64.ActiveCfg = Release|x64
		{8A2F1E8C-9B5D-4C3A-A8F7-2E6D4B9C1A3F}.Release|x64.Build.0 = Release|x64
		{8A2F1E8C-9B5D-4C3A-A8F7-2E6D4B9C1A3F}.Release|x86.ActiveCfg = Release|Any CPU
		{8A2F1E8C-9B5D-4C3A-A8F7-2E6D4B9C1A3F}.Release|x86.Build.0 = Release|Any CPU
		{A8B3C9E1-22F4-4D67-9A8B-F4C5D6E7A8B9}.Debug|Any CPU.ActiveCfg = Debug|Any CPU
		{A8B3C9E1-22F4-4D67-9A8B-F4C5D6E7A8B9}.Debug|Any CPU.Build.0 = Debug|Any CPU
		{A8B3C9E1-22F4-4D67-9A8B-F4C5D6E7A8B9}.Debug|x64.ActiveCfg = Debug|x64
		{A8B3C9E1-22F4-4D67-9A8B-F4C5D6E7A8B9}.Debug|x64.Build.0 = Debug|x64
		{A8B3C9E1-22F4-4D67-9A8B-F4C5D6E7A8B9}.Debug|x86.ActiveCfg = Debug|Any CPU
		{A8B3C9E1-22F4-4D67-9A8B-F4C5D6E7A8B9}.Debug|x86.Build.0 = Debug|Any CPU
		{A8B3C9E1-22F4-4D67-9A8B-F4C5D6E7A8B9}.Release|Any CPU.ActiveCfg = Release|Any CPU
		{A8B3C9E1-22F4-4D67-9A8B-F4C5D6E7A8B9}.Release|Any CPU.Build.0 = Release|Any CPU
		{A8B3C9E1-22F4-4D67-9A8B-F4C5D6E7A8B9}.Release|x64.ActiveCfg = Release|x64
		{A8B3C9E1-22F4-4D67-9A8B-F4C5D6E7A8B9}.Release|x64.Build.0 = Release|x64
		{A8B3C9E1-22F4-4D67-9A8B-F4C5D6E7A8B9}.Release|x86.ActiveCfg = Release|Any CPU
		{A8B3C9E1-22F4-4D67-9A8B-F4C5D6E7A8B9}.Release|x86.Build.0 = Release|Any CPU
		{D1E2F3A4-B5C6-7D8E-9F0A-1B2C3D4E5F6A}.Debug|Any CPU.ActiveCfg = Debug|Any CPU
		{D1E2F3A4-B5C6-7D8E-9F0A-1B2C3D4E5F6A}.Debug|Any CPU.Build.0 = Debug|Any CPU
		{D1E2F3A4-B5C6-7D8E-9F0A-1B2C3D4E5F6A}.Debug|x64.ActiveCfg = Debug|x64
		{D1E2F3A4-B5C6-7D8E-9F0A-1B2C3D4E5F6A}.Debug|x64.Build.0 = Debug|x64
		{D1E2F3A4-B5C6-7D8E-9F0A-1B2C3D4E5F6A}.Debug|x86.ActiveCfg = Debug|Any CPU
		{D1E2F3A4-B5C6-7D8E-9F0A-1B2C3D4E5F6A}.Debug|x86.Build.0 = Debug|Any CPU
		{D1E2F3A4-B5C6-7D8E-9F0A-1B2C3D4E5F6A}.Release|Any CPU.ActiveCfg = Release|Any CPU
		{D1E2F3A4-B5C6-7D8E-9F0A-1B2C3D4E5F6A}.Release|Any CPU.Build.0 = Release|Any CPU
		{D1E2F3A4-B5C6-7D8E-9F0A-1B2C3D4E5F6A}.Release|x64.ActiveCfg = Release|x64
		{D1E2F3A4-B5C6-7D8E-9F0A-1B2C3D4E5F6A}.Release|x64.Build.0 = Release|x64
		{D1E2F3A4-B5C6-7D8E-9F0A-1B2C3D4E5F6A}.Release|x86.ActiveCfg = Release|Any CPU
		{D1E2F3A4-B5C6-7D8E-9F0A-1B2C3D4E5F6A}.Release|x86.Build.0 = Release|Any CPU
		{6F3D2C0C-6F3D-4C2C-AEAF-3C6B7E2DC9A1}.Debug|Any CPU.ActiveCfg = Debug|Any CPU
		{6F3D2C0C-6F3D-4C2C-AEAF-3C6B7E2DC9A1}.Debug|Any CPU.Build.0 = Debug|Any CPU
		{6F3D2C0C-6F3D-4C2C-AEAF-3C6B7E2DC9A1}.Debug|x64.ActiveCfg = Debug|x64
		{6F3D2C0C-6F3D-4C2C-AEAF-3C6B7E2DC9A1}.Debug|x64.Build.0 = Debug|x64
		{6F3D2C0C-6F3D-4C2C-AEAF-3C6B7E2DC9A1}.Debug|x86.ActiveCfg = Debug|Any CPU
		{6F3D2C0C-6F3D-4C2C-AEAF-3C6B7E2DC9A1}.Debug|x86.Build.0 = Debug|Any CPU
		{6F3D2C0C-6F3D-4C2C-AEAF-3C6B7E2DC9A1}.Release|Any CPU.ActiveCfg = Release|Any CPU
		{6F3D2C0C-6F3D-4C2C-AEAF-3C6B7E2DC9A1}.Release|Any CPU.Build.0 = Release|Any CPU
		{6F3D2C0C-6F3D-4C2C-AEAF-3C6B7E2DC9A1}.Release|x64.ActiveCfg = Release|x64
		{6F3D2C0C-6F3D-4C2C-AEAF-3C6B7E2DC9A1}.Release|x64.Build.0 = Release|x64
		{6F3D2C0C-6F3D-4C2C-AEAF-3C6B7E2DC9A1}.Release|x86.ActiveCfg = Release|Any CPU
		{6F3D2C0C-6F3D-4C2C-AEAF-3C6B7E2DC9A1}.Release|x86.Build.0 = Release|Any CPU
		{B9C4D8F2-33E5-4E78-BA9C-F5D6E7F8C9D0}.Debug|Any CPU.ActiveCfg = Debug|Any CPU
		{B9C4D8F2-33E5-4E78-BA9C-F5D6E7F8C9D0}.Debug|Any CPU.Build.0 = Debug|Any CPU
		{B9C4D8F2-33E5-4E78-BA9C-F5D6E7F8C9D0}.Debug|x64.ActiveCfg = Debug|x64
		{B9C4D8F2-33E5-4E78-BA9C-F5D6E7F8C9D0}.Debug|x64.Build.0 = Debug|x64
		{B9C4D8F2-33E5-4E78-BA9C-F5D6E7F8C9D0}.Debug|x86.ActiveCfg = Debug|Any CPU
		{B9C4D8F2-33E5-4E78-BA9C-F5D6E7F8C9D0}.Debug|x86.Build.0 = Debug|Any CPU
		{B9C4D8F2-33E5-4E78-BA9C-F5D6E7F8C9D0}.Release|Any CPU.ActiveCfg = Release|Any CPU
		{B9C4D8F2-33E5-4E78-BA9C-F5D6E7F8C9D0}.Release|Any CPU.Build.0 = Release|Any CPU
		{B9C4D8F2-33E5-4E78-BA9C-F5D6E7F8C9D0}.Release|x64.ActiveCfg = Release|x64
		{B9C4D8F2-33E5-4E78-BA9C-F5D6E7F8C9D0}.Release|x64.Build.0 = Release|x64
		{B9C4D8F2-33E5-4E78-BA9C-F5D6E7F8C9D0}.Release|x86.ActiveCfg = Release|Any CPU
		{B9C4D8F2-33E5-4E78-BA9C-F5D6E7F8C9D0}.Release|x86.Build.0 = Release|Any CPU
		{3091309B-223F-5A75-822D-A68931B8A849}.Debug|Any CPU.ActiveCfg = Debug|Any CPU
		{3091309B-223F-5A75-822D-A68931B8A849}.Debug|Any CPU.Build.0 = Debug|Any CPU
		{3091309B-223F-5A75-822D-A68931B8A849}.Debug|x64.ActiveCfg = Debug|x64
		{3091309B-223F-5A75-822D-A68931B8A849}.Debug|x64.Build.0 = Debug|x64
		{3091309B-223F-5A75-822D-A68931B8A849}.Debug|x86.ActiveCfg = Debug|Any CPU
		{3091309B-223F-5A75-822D-A68931B8A849}.Debug|x86.Build.0 = Debug|Any CPU
		{3091309B-223F-5A75-822D-A68931B8A849}.Release|Any CPU.ActiveCfg = Release|Any CPU
		{3091309B-223F-5A75-822D-A68931B8A849}.Release|Any CPU.Build.0 = Release|Any CPU
		{3091309B-223F-5A75-822D-A68931B8A849}.Release|x64.ActiveCfg = Release|x64
		{3091309B-223F-5A75-822D-A68931B8A849}.Release|x64.Build.0 = Release|x64
		{3091309B-223F-5A75-822D-A68931B8A849}.Release|x86.ActiveCfg = Release|Any CPU
		{3091309B-223F-5A75-822D-A68931B8A849}.Release|x86.Build.0 = Release|Any CPU
	EndGlobalSection
	GlobalSection(SolutionProperties) = preSolution
		HideSolutionNode = FALSE
	EndGlobalSection
	GlobalSection(ExtensibilityGlobals) = postSolution
		SolutionGuid = {8512F5E9-AD27-45C0-8FB5-DF3AAD5B8006}
	EndGlobalSection
EndGlobal
